// !$*UTF8*$!
{
	archiveVersion = 1;
	classes = {
	};
	objectVersion = 77;
	objects = {

/* Begin PBXBuildFile section */
		4D8FB4A52F40726B001B72D4 /* MagnetPulseWatch Watch App.app in Embed Watch Content */ = {isa = PBXBuildFile; fileRef = 4D8FB4A42F40726B001B72D4 /* MagnetPulseWatch Watch App.app */; settings = {ATTRIBUTES = (RemoveHeadersOnCopy, ); }; };
/* End PBXBuildFile section */

/* Begin PBXContainerItemProxy section */
		4D8FB4A62F40726B001B72D4 /* PBXContainerItemProxy */ = {
			isa = PBXContainerItemProxy;
			containerPortal = 4D8FB4982F40726B001B72D4 /* Project object */;
			proxyType = 1;
			remoteGlobalIDString = 4D8FB4A32F40726B001B72D4;
			remoteInfo = "MagnetPulseWatch Watch App";
		};
		4D8FB4B42F40726C001B72D4 /* PBXContainerItemProxy */ = {
			isa = PBXContainerItemProxy;
			containerPortal = 4D8FB4982F40726B001B72D4 /* Project object */;
			proxyType = 1;
			remoteGlobalIDString = 4D8FB4A32F40726B001B72D4;
			remoteInfo = "MagnetPulseWatch Watch App";
		};
		4D8FB4BE2F40726C001B72D4 /* PBXContainerItemProxy */ = {
			isa = PBXContainerItemProxy;
			containerPortal = 4D8FB4982F40726B001B72D4 /* Project object */;
			proxyType = 1;
			remoteGlobalIDString = 4D8FB4A32F40726B001B72D4;
			remoteInfo = "MagnetPulseWatch Watch App";
		};
/* End PBXContainerItemProxy section */

/* Begin PBXCopyFilesBuildPhase section */
		4D8FB4CA2F40726C001B72D4 /* Embed Watch Content */ = {
			isa = PBXCopyFilesBuildPhase;
			buildActionMask = 2147483647;
			dstPath = "$(CONTENTS_FOLDER_PATH)/Watch";
			dstSubfolderSpec = 16;
			files = (
				4D8FB4A52F40726B001B72D4 /* MagnetPulseWatch Watch App.app in Embed Watch Content */,
			);
			name = "Embed Watch Content";
			runOnlyForDeploymentPostprocessing = 0;
		};
/* End PBXCopyFilesBuildPhase section */

/* Begin PBXFileReference section */
		4D8FB49E2F40726B001B72D4 /* MagnetPulseWatch.app */ = {isa = PBXFileReference; explicitFileType = wrapper.application; includeInIndex = 0; path = MagnetPulseWatch.app; sourceTree = BUILT_PRODUCTS_DIR; };
		4D8FB4A42F40726B001B72D4 /* MagnetPulseWatch Watch App.app */ = {isa = PBXFileReference; explicitFileType = wrapper.application; includeInIndex = 0; path = "MagnetPulseWatch Watch App.app"; sourceTree = BUILT_PRODUCTS_DIR; };
		4D8FB4B32F40726C001B72D4 /* MagnetPulseWatch Watch AppTests.xctest */ = {isa = PBXFileReference; explicitFileType = wrapper.cfbundle; includeInIndex = 0; path = "MagnetPulseWatch Watch AppTests.xctest"; sourceTree = BUILT_PRODUCTS_DIR; };
		4D8FB4BD2F40726C001B72D4 /* MagnetPulseWatch Watch AppUITests.xctest */ = {isa = PBXFileReference; explicitFileType = wrapper.cfbundle; includeInIndex = 0; path = "MagnetPulseWatch Watch AppUITests.xctest"; sourceTree = BUILT_PRODUCTS_DIR; };
/* End PBXFileReference section */

/* Begin PBXFileSystemSynchronizedRootGroup section */
		4D8FB4A82F40726B001B72D4 /* MagnetPulseWatch Watch App */ = {
			isa = PBXFileSystemSynchronizedRootGroup;
			path = "MagnetPulseWatch Watch App";
			sourceTree = "<group>";
		};
		4D8FB4B62F40726C001B72D4 /* MagnetPulseWatch Watch AppTests */ = {
			isa = PBXFileSystemSynchronizedRootGroup;
			path = "MagnetPulseWatch Watch AppTests";
			sourceTree = "<group>";
		};
		4D8FB4C02F40726C001B72D4 /* MagnetPulseWatch Watch AppUITests */ = {
			isa = PBXFileSystemSynchronizedRootGroup;
			path = "MagnetPulseWatch Watch AppUITests";
			sourceTree = "<group>";
		};
/* End PBXFileSystemSynchronizedRootGroup section */

/* Begin PBXFrameworksBuildPhase section */
		4D8FB4A12F40726B001B72D4 /* Frameworks */ = {
			isa = PBXFrameworksBuildPhase;
			buildActionMask = 2147483647;
			files = (
			);
			runOnlyForDeploymentPostprocessing = 0;
		};
		4D8FB4B02F40726C001B72D4 /* Frameworks */ = {
			isa = PBXFrameworksBuildPhase;
			buildActionMask = 2147483647;
			files = (
			);
			runOnlyForDeploymentPostprocessing = 0;
		};
		4D8FB4BA2F40726C001B72D4 /* Frameworks */ = {
			isa = PBXFrameworksBuildPhase;
			buildActionMask = 2147483647;
			files = (
			);
			runOnlyForDeploymentPostprocessing = 0;
		};
/* End PBXFrameworksBuildPhase section */

/* Begin PBXGroup section */
		4D8FB4972F40726B001B72D4 = {
			isa = PBXGroup;
			children = (
				4D8FB4A82F40726B001B72D4 /* MagnetPulseWatch Watch App */,
				4D8FB4B62F40726C001B72D4 /* MagnetPulseWatch Watch AppTests */,
				4D8FB4C02F40726C001B72D4 /* MagnetPulseWatch Watch AppUITests */,
				4D8FB49F2F40726B001B72D4 /* Products */,
			);
			sourceTree = "<group>";
		};
		4D8FB49F2F40726B001B72D4 /* Products */ = {
			isa = PBXGroup;
			children = (
				4D8FB49E2F40726B001B72D4 /* MagnetPulseWatch.app */,
				4D8FB4A42F40726B001B72D4 /* MagnetPulseWatch Watch App.app */,
				4D8FB4B32F40726C001B72D4 /* MagnetPulseWatch Watch AppTests.xctest */,
				4D8FB4BD2F40726C001B72D4 /* MagnetPulseWatch Watch AppUITests.xctest */,
			);
			name = Products;
			sourceTree = "<group>";
		};
/* End PBXGroup section */

/* Begin PBXNativeTarget section */
		4D8FB49D2F40726B001B72D4 /* MagnetPulseWatch */ = {
			isa = PBXNativeTarget;
			buildConfigurationList = 4D8FB4CB2F40726C001B72D4 /* Build configuration list for PBXNativeTarget "MagnetPulseWatch" */;
			buildPhases = (
				4D8FB49C2F40726B001B72D4 /* Resources */,
				4D8FB4CA2F40726C001B72D4 /* Embed Watch Content */,
			);
			buildRules = (
			);
			dependencies = (
				4D8FB4A72F40726B001B72D4 /* PBXTargetDependency */,
			);
			name = MagnetPulseWatch;
			packageProductDependencies = (
			);
			productName = MagnetPulseWatch;
			productReference = 4D8FB49E2F40726B001B72D4 /* MagnetPulseWatch.app */;
			productType = "com.apple.product-type.application.watchapp2-container";
		};
		4D8FB4A32F40726B001B72D4 /* MagnetPulseWatch Watch App */ = {
			isa = PBXNativeTarget;
			buildConfigurationList = 4D8FB4C72F40726C001B72D4 /* Build configuration list for PBXNativeTarget "MagnetPulseWatch Watch App" */;
			buildPhases = (
				4D8FB4A02F40726B001B72D4 /* Sources */,
				4D8FB4A12F40726B001B72D4 /* Frameworks */,
				4D8FB4A22F40726B001B72D4 /* Resources */,
			);
			buildRules = (
			);
			dependencies = (
			);
			fileSystemSynchronizedGroups = (
				4D8FB4A82F40726B001B72D4 /* MagnetPulseWatch Watch App */,
			);
			name = "MagnetPulseWatch Watch App";
			packageProductDependencies = (
			);
			productName = "MagnetPulseWatch Watch App";
			productReference = 4D8FB4A42F40726B001B72D4 /* MagnetPulseWatch Watch App.app */;
			productType = "com.apple.product-type.application";
		};
		4D8FB4B22F40726C001B72D4 /* MagnetPulseWatch Watch AppTests */ = {
			isa = PBXNativeTarget;
			buildConfigurationList = 4D8FB4CE2F40726C001B72D4 /* Build configuration list for PBXNativeTarget "MagnetPulseWatch Watch AppTests" */;
			buildPhases = (
				4D8FB4AF2F40726C001B72D4 /* Sources */,
				4D8FB4B02F40726C001B72D4 /* Frameworks */,
				4D8FB4B12F40726C001B72D4 /* Resources */,
			);
			buildRules = (
			);
			dependencies = (
				4D8FB4B52F40726C001B72D4 /* PBXTargetDependency */,
			);
			fileSystemSynchronizedGroups = (
				4D8FB4B62F40726C001B72D4 /* MagnetPulseWatch Watch AppTests */,
			);
			name = "MagnetPulseWatch Watch AppTests";
			packageProductDependencies = (
			);
			productName = "MagnetPulseWatch Watch AppTests";
			productReference = 4D8FB4B32F40726C001B72D4 /* MagnetPulseWatch Watch AppTests.xctest */;
			productType = "com.apple.product-type.bundle.unit-test";
		};
		4D8FB4BC2F40726C001B72D4 /* MagnetPulseWatch Watch AppUITests */ = {
			isa = PBXNativeTarget;
			buildConfigurationList = 4D8FB4D12F40726C001B72D4 /* Build configuration list for PBXNativeTarget "MagnetPulseWatch Watch AppUITests" */;
			buildPhases = (
				4D8FB4B92F40726C001B72D4 /* Sources */,
				4D8FB4BA2F40726C001B72D4 /* Frameworks */,
				4D8FB4BB2F40726C001B72D4 /* Resources */,
			);
			buildRules = (
			);
			dependencies = (
				4D8FB4BF2F40726C001B72D4 /* PBXTargetDependency */,
			);
			fileSystemSynchronizedGroups = (
				4D8FB4C02F40726C001B72D4 /* MagnetPulseWatch Watch AppUITests */,
			);
			name = "MagnetPulseWatch Watch AppUITests";
			packageProductDependencies = (
			);
			productName = "MagnetPulseWatch Watch AppUITests";
			productReference = 4D8FB4BD2F40726C001B72D4 /* MagnetPulseWatch Watch AppUITests.xctest */;
			productType = "com.apple.product-type.bundle.ui-testing";
		};
/* End PBXNativeTarget section */

/* Begin PBXProject section */
		4D8FB4982F40726B001B72D4 /* Project object */ = {
			isa = PBXProject;
			attributes = {
				BuildIndependentTargetsInParallel = 1;
				LastSwiftUpdateCheck = 2620;
				LastUpgradeCheck = 2620;
				TargetAttributes = {
					4D8FB49D2F40726B001B72D4 = {
						CreatedOnToolsVersion = 26.2;
					};
					4D8FB4A32F40726B001B72D4 = {
						CreatedOnToolsVersion = 26.2;
					};
					4D8FB4B22F40726C001B72D4 = {
						CreatedOnToolsVersion = 26.2;
						TestTargetID = 4D8FB4A32F40726B001B72D4;
					};
					4D8FB4BC2F40726C001B72D4 = {
						CreatedOnToolsVersion = 26.2;
						TestTargetID = 4D8FB4A32F40726B001B72D4;
					};
				};
			};
			buildConfigurationList = 4D8FB49B2F40726B001B72D4 /* Build configuration list for PBXProject "MagnetPulseWatch" */;
			developmentRegion = en;
			hasScannedForEncodings = 0;
			knownRegions = (
				en,
				Base,
			);
			mainGroup = 4D8FB4972F40726B001B72D4;
			minimizedProjectReferenceProxies = 1;
			preferredProjectObjectVersion = 77;
			productRefGroup = 4D8FB49F2F40726B001B72D4 /* Products */;
			projectDirPath = "";
			projectRoot = "";
			targets = (
				4D8FB49D2F40726B001B72D4 /* MagnetPulseWatch */,
				4D8FB4A32F40726B001B72D4 /* MagnetPulseWatch Watch App */,
				4D8FB4B22F40726C001B72D4 /* MagnetPulseWatch Watch AppTests */,
				4D8FB4BC2F40726C001B72D4 /* MagnetPulseWatch Watch AppUITests */,
			);
		};
/* End PBXProject section */

/* Begin PBXResourcesBuildPhase section */
		4D8FB49C2F40726B001B72D4 /* Resources */ = {
			isa = PBXResourcesBuildPhase;
			buildActionMask = 2147483647;
			files = (
			);
			runOnlyForDeploymentPostprocessing = 0;
		};
		4D8FB4A22F40726B001B72D4 /* Resources */ = {
			isa = PBXResourcesBuildPhase;
			buildActionMask = 2147483647;
			files = (
			);
			runOnlyForDeploymentPostprocessing = 0;
		};
		4D8FB4B12F40726C001B72D4 /* Resources */ = {
			isa = PBXResourcesBuildPhase;
			buildActionMask = 2147483647;
			files = (
			);
			runOnlyForDeploymentPostprocessing = 0;
		};
		4D8FB4BB2F40726C001B72D4 /* Resources */ = {
			isa = PBXResourcesBuildPhase;
			buildActionMask = 2147483647;
			files = (
			);
			runOnlyForDeploymentPostprocessing = 0;
		};
/* End PBXResourcesBuildPhase section */

/* Begin PBXSourcesBuildPhase section */
		4D8FB4A02F40726B001B72D4 /* Sources */ = {
			isa = PBXSourcesBuildPhase;
			buildActionMask = 2147483647;
			files = (
			);
			runOnlyForDeploymentPostprocessing = 0;
		};
		4D8FB4AF2F40726C001B72D4 /* Sources */ = {
			isa = PBXSourcesBuildPhase;
			buildActionMask = 2147483647;
			files = (
			);
			runOnlyForDeploymentPostprocessing = 0;
		};
		4D8FB4B92F40726C001B72D4 /* Sources */ = {
			isa = PBXSourcesBuildPhase;
			buildActionMask = 2147483647;
			files = (
			);
			runOnlyForDeploymentPostprocessing = 0;
		};
/* End PBXSourcesBuildPhase section */

/* Begin PBXTargetDependency section */
		4D8FB4A72F40726B001B72D4 /* PBXTargetDependency */ = {
			isa = PBXTargetDependency;
			target = 4D8FB4A32F40726B001B72D4 /* MagnetPulseWatch Watch App */;
			targetProxy = 4D8FB4A62F40726B001B72D4 /* PBXContainerItemProxy */;
		};
		4D8FB4B52F40726C001B72D4 /* PBXTargetDependency */ = {
			isa = PBXTargetDependency;
			target = 4D8FB4A32F40726B001B72D4 /* MagnetPulseWatch Watch App */;
			targetProxy = 4D8FB4B42F40726C001B72D4 /* PBXContainerItemProxy */;
		};
		4D8FB4BF2F40726C001B72D4 /* PBXTargetDependency */ = {
			isa = PBXTargetDependency;
			target = 4D8FB4A32F40726B001B72D4 /* MagnetPulseWatch Watch App */;
			targetProxy = 4D8FB4BE2F40726C001B72D4 /* PBXContainerItemProxy */;
		};
/* End PBXTargetDependency section */

/* Begin XCBuildConfiguration section */
		4D8FB4C52F40726C001B72D4 /* Debug */ = {
			isa = XCBuildConfiguration;
			buildSettings = {
				ALWAYS_SEARCH_USER_PATHS = NO;
				ASSETCATALOG_COMPILER_GENERATE_SWIFT_ASSET_SYMBOL_EXTENSIONS = YES;
				CLANG_ANALYZER_NONNULL = YES;
				CLANG_ANALYZER_NUMBER_OBJECT_CONVERSION = YES_AGGRESSIVE;
				CLANG_CXX_LANGUAGE_STANDARD = "gnu++20";
				CLANG_ENABLE_MODULES = YES;
				CLANG_ENABLE_OBJC_ARC = YES;
				CLANG_ENABLE_OBJC_WEAK = YES;
				CLANG_WARN_BLOCK_CAPTURE_AUTORELEASING = YES;
				CLANG_WARN_BOOL_CONVERSION = YES;
				CLANG_WARN_COMMA = YES;
				CLANG_WARN_CONSTANT_CONVERSION = YES;
				CLANG_WARN_DEPRECATED_OBJC_IMPLEMENTATIONS = YES;
				CLANG_WARN_DIRECT_OBJC_ISA_USAGE = YES_ERROR;
				CLANG_WARN_DOCUMENTATION_COMMENTS = YES;
				CLANG_WARN_EMPTY_BODY = YES;
				CLANG_WARN_ENUM_CONVERSION = YES;
				CLANG_WARN_INFINITE_RECURSION = YES;
				CLANG_WARN_INT_CONVERSION = YES;
				CLANG_WARN_NON_LITERAL_NULL_CONVERSION = YES;
				CLANG_WARN_OBJC_IMPLICIT_RETAIN_SELF = YES;
				CLANG_WARN_OBJC_LITERAL_CONVERSION = YES;
				CLANG_WARN_OBJC_ROOT_CLASS = YES_ERROR;
				CLANG_WARN_QUOTED_INCLUDE_IN_FRAMEWORK_HEADER = YES;
				CLANG_WARN_RANGE_LOOP_ANALYSIS = YES;
				CLANG_WARN_STRICT_PROTOTYPES = YES;
				CLANG_WARN_SUSPICIOUS_MOVE = YES;
				CLANG_WARN_UNGUARDED_AVAILABILITY = YES_AGGRESSIVE;
				CLANG_WARN_UNREACHABLE_CODE = YES;
				CLANG_WARN__DUPLICATE_METHOD_MATCH = YES;
				COPY_PHASE_STRIP = NO;
				DEBUG_INFORMATION_FORMAT = dwarf;
				DEVELOPMENT_TEAM = JVQ6ES846M;
				ENABLE_STRICT_OBJC_MSGSEND = YES;
				ENABLE_TESTABILITY = YES;
				ENABLE_USER_SCRIPT_SANDBOXING = YES;
				GCC_C_LANGUAGE_STANDARD = gnu17;
				GCC_DYNAMIC_NO_PIC = NO;
				GCC_NO_COMMON_BLOCKS = YES;
				GCC_OPTIMIZATION_LEVEL = 0;
				GCC_PREPROCESSOR_DEFINITIONS = (
					"DEBUG=1",
					"$(inherited)",
				);
				GCC_WARN_64_TO_32_BIT_CONVERSION = YES;
				GCC_WARN_ABOUT_RETURN_TYPE = YES_ERROR;
				GCC_WARN_UNDECLARED_SELECTOR = YES;
				GCC_WARN_UNINITIALIZED_AUTOS = YES_AGGRESSIVE;
				GCC_WARN_UNUSED_FUNCTION = YES;
				GCC_WARN_UNUSED_VARIABLE = YES;
				LOCALIZATION_PREFERS_STRING_CATALOGS = YES;
				MTL_ENABLE_DEBUG_INFO = INCLUDE_SOURCE;
				MTL_FAST_MATH = YES;
				ONLY_ACTIVE_ARCH = YES;
				SWIFT_ACTIVE_COMPILATION_CONDITIONS = "DEBUG $(inherited)";
				SWIFT_OPTIMIZATION_LEVEL = "-Onone";
			};
			name = Debug;
		};
		4D8FB4C62F40726C001B72D4 /* Release */ = {
			isa = XCBuildConfiguration;
			buildSettings = {
				ALWAYS_SEARCH_USER_PATHS = NO;
				ASSETCATALOG_COMPILER_GENERATE_SWIFT_ASSET_SYMBOL_EXTENSIONS = YES;
				CLANG_ANALYZER_NONNULL = YES;
				CLANG_ANALYZER_NUMBER_OBJECT_CONVERSION = YES_AGGRESSIVE;
				CLANG_CXX_LANGUAGE_STANDARD = "gnu++20";
				CLANG_ENABLE_MODULES = YES;
				CLANG_ENABLE_OBJC_ARC = YES;
				CLANG_ENABLE_OBJC_WEAK = YES;
				CLANG_WARN_BLOCK_CAPTURE_AUTORELEASING = YES;
				CLANG_WARN_BOOL_CONVERSION = YES;
				CLANG_WARN_COMMA = YES;
				CLANG_WARN_CONSTANT_CONVERSION = YES;
				CLANG_WARN_DEPRECATED_OBJC_IMPLEMENTATIONS = YES;
				CLANG_WARN_DIRECT_OBJC_ISA_USAGE = YES_ERROR;
				CLANG_WARN_DOCUMENTATION_COMMENTS = YES;
				CLANG_WARN_EMPTY_BODY = YES;
				CLANG_WARN_ENUM_CONVERSION = YES;
				CLANG_WARN_INFINITE_RECURSION = YES;
				CLANG_WARN_INT_CONVERSION = YES;
				CLANG_WARN_NON_LITERAL_NULL_CONVERSION = YES;
				CLANG_WARN_OBJC_IMPLICIT_RETAIN_SELF = YES;
				CLANG_WARN_OBJC_LITERAL_CONVERSION = YES;
				CLANG_WARN_OBJC_ROOT_CLASS = YES_ERROR;
				CLANG_WARN_QUOTED_INCLUDE_IN_FRAMEWORK_HEADER = YES;
				CLANG_WARN_RANGE_LOOP_ANALYSIS = YES;
				CLANG_WARN_STRICT_PROTOTYPES = YES;
				CLANG_WARN_SUSPICIOUS_MOVE = YES;
				CLANG_WARN_UNGUARDED_AVAILABILITY = YES_AGGRESSIVE;
				CLANG_WARN_UNREACHABLE_CODE = YES;
				CLANG_WARN__DUPLICATE_METHOD_MATCH = YES;
				COPY_PHASE_STRIP = NO;
				DEBUG_INFORMATION_FORMAT = "dwarf-with-dsym";
				DEVELOPMENT_TEAM = JVQ6ES846M;
				ENABLE_NS_ASSERTIONS = NO;
				ENABLE_STRICT_OBJC_MSGSEND = YES;
				ENABLE_USER_SCRIPT_SANDBOXING = YES;
				GCC_C_LANGUAGE_STANDARD = gnu17;
				GCC_NO_COMMON_BLOCKS = YES;
				GCC_WARN_64_TO_32_BIT_CONVERSION = YES;
				GCC_WARN_ABOUT_RETURN_TYPE = YES_ERROR;
				GCC_WARN_UNDECLARED_SELECTOR = YES;
				GCC_WARN_UNINITIALIZED_AUTOS = YES_AGGRESSIVE;
				GCC_WARN_UNUSED_FUNCTION = YES;
				GCC_WARN_UNUSED_VARIABLE = YES;
				LOCALIZATION_PREFERS_STRING_CATALOGS = YES;
				MTL_ENABLE_DEBUG_INFO = NO;
				MTL_FAST_MATH = YES;
				SWIFT_COMPILATION_MODE = wholemodule;
			};
			name = Release;
		};
		4D8FB4C82F40726C001B72D4 /* Debug */ = {
			isa = XCBuildConfiguration;
			buildSettings = {
				ASSETCATALOG_COMPILER_APPICON_NAME = AppIcon;
				ASSETCATALOG_COMPILER_GLOBAL_ACCENT_COLOR_NAME = AccentColor;
				CODE_SIGN_STYLE = Automatic;
				CURRENT_PROJECT_VERSION = 1;
				DEVELOPMENT_TEAM = JVQ6ES846M;
				ENABLE_PREVIEWS = YES;
				GENERATE_INFOPLIST_FILE = YES;
				INFOPLIST_KEY_CFBundleDisplayName = MagnetPulseWatch;
				INFOPLIST_KEY_UISupportedInterfaceOrientations = "UIInterfaceOrientationPortrait UIInterfaceOrientationPortraitUpsideDown";
				INFOPLIST_KEY_WKWatchOnly = YES;
				LD_RUNPATH_SEARCH_PATHS = (
					"$(inherited)",
					"@executable_path/Frameworks",
				);
				MARKETING_VERSION = 1.0;
				PRODUCT_BUNDLE_IDENTIFIER = com.bwillyard.MagnetPulseWatch.watchkitapp;
				PRODUCT_NAME = "$(TARGET_NAME)";
				SDKROOT = watchos;
				SKIP_INSTALL = YES;
				STRING_CATALOG_GENERATE_SYMBOLS = YES;
				SWIFT_APPROACHABLE_CONCURRENCY = YES;
				SWIFT_DEFAULT_ACTOR_ISOLATION = MainActor;
				SWIFT_EMIT_LOC_STRINGS = YES;
				SWIFT_UPCOMING_FEATURE_MEMBER_IMPORT_VISIBILITY = YES;
				SWIFT_VERSION = 5.0;
				TARGETED_DEVICE_FAMILY = 4;
				WATCHOS_DEPLOYMENT_TARGET = 26.2;
			};
			name = Debug;
		};
		4D8FB4C92F40726C001B72D4 /* Release */ = {
			isa = XCBuildConfiguration;
			buildSettings = {
				ASSETCATALOG_COMPILER_APPICON_NAME = AppIcon;
				ASSETCATALOG_COMPILER_GLOBAL_ACCENT_COLOR_NAME = AccentColor;
				CODE_SIGN_STYLE = Automatic;
				CURRENT_PROJECT_VERSION = 1;
				DEVELOPMENT_TEAM = JVQ6ES846M;
				ENABLE_PREVIEWS = YES;
				GENERATE_INFOPLIST_FILE = YES;
				INFOPLIST_KEY_CFBundleDisplayName = MagnetPulseWatch;
				INFOPLIST_KEY_UISupportedInterfaceOrientations = "UIInterfaceOrientationPortrait UIInterfaceOrientationPortraitUpsideDown";
				INFOPLIST_KEY_WKWatchOnly = YES;
				LD_RUNPATH_SEARCH_PATHS = (
					"$(inherited)",
					"@executable_path/Frameworks",
				);
				MARKETING_VERSION = 1.0;
				PRODUCT_BUNDLE_IDENTIFIER = com.bwillyard.MagnetPulseWatch.watchkitapp;
				PRODUCT_NAME = "$(TARGET_NAME)";
				SDKROOT = watchos;
				SKIP_INSTALL = YES;
				STRING_CATALOG_GENERATE_SYMBOLS = YES;
				SWIFT_APPROACHABLE_CONCURRENCY = YES;
				SWIFT_DEFAULT_ACTOR_ISOLATION = MainActor;
				SWIFT_EMIT_LOC_STRINGS = YES;
				SWIFT_UPCOMING_FEATURE_MEMBER_IMPORT_VISIBILITY = YES;
				SWIFT_VERSION = 5.0;
				TARGETED_DEVICE_FAMILY = 4;
				VALIDATE_PRODUCT = YES;
				WATCHOS_DEPLOYMENT_TARGET = 26.2;
			};
			name = Release;
		};
		4D8FB4CC2F40726C001B72D4 /* Debug */ = {
			isa = XCBuildConfiguration;
			buildSettings = {
				CODE_SIGN_STYLE = Automatic;
				CURRENT_PROJECT_VERSION = 1;
				DEVELOPMENT_TEAM = JVQ6ES846M;
				INFOPLIST_KEY_CFBundleDisplayName = MagnetPulseWatch;
				MARKETING_VERSION = 1.0;
				PRODUCT_BUNDLE_IDENTIFIER = com.bwillyard.MagnetPulseWatch;
				PRODUCT_NAME = "$(TARGET_NAME)";
				SDKROOT = iphoneos;
				SWIFT_APPROACHABLE_CONCURRENCY = YES;
				SWIFT_UPCOMING_FEATURE_MEMBER_IMPORT_VISIBILITY = YES;
				SWIFT_VERSION = 5.0;
			};
			name = Debug;
		};
		4D8FB4CD2F40726C001B72D4 /* Release */ = {
			isa = XCBuildConfiguration;
			buildSettings = {
				CODE_SIGN_STYLE = Automatic;
				CURRENT_PROJECT_VERSION = 1;
				DEVELOPMENT_TEAM = JVQ6ES846M;
				INFOPLIST_KEY_CFBundleDisplayName = MagnetPulseWatch;
				MARKETING_VERSION = 1.0;
				PRODUCT_BUNDLE_IDENTIFIER = com.bwillyard.MagnetPulseWatch;
				PRODUCT_NAME = "$(TARGET_NAME)";
				SDKROOT = iphoneos;
				SWIFT_APPROACHABLE_CONCURRENCY = YES;
				SWIFT_UPCOMING_FEATURE_MEMBER_IMPORT_VISIBILITY = YES;
				SWIFT_VERSION = 5.0;
				VALIDATE_PRODUCT = YES;
			};
			name = Release;
		};
		4D8FB4CF2F40726C001B72D4 /* Debug */ = {
			isa = XCBuildConfiguration;
			buildSettings = {
				BUNDLE_LOADER = "$(TEST_HOST)";
				CODE_SIGN_STYLE = Automatic;
				CURRENT_PROJECT_VERSION = 1;
				DEVELOPMENT_TEAM = JVQ6ES846M;
				GENERATE_INFOPLIST_FILE = YES;
				MARKETING_VERSION = 1.0;
				PRODUCT_BUNDLE_IDENTIFIER = "com.bwillyard.MagnetPulseWatch-Watch-AppTests";
				PRODUCT_NAME = "$(TARGET_NAME)";
				SDKROOT = watchos;
				STRING_CATALOG_GENERATE_SYMBOLS = NO;
				SWIFT_APPROACHABLE_CONCURRENCY = YES;
				SWIFT_EMIT_LOC_STRINGS = NO;
				SWIFT_UPCOMING_FEATURE_MEMBER_IMPORT_VISIBILITY = YES;
				SWIFT_VERSION = 5.0;
				TARGETED_DEVICE_FAMILY = 4;
				TEST_HOST = "$(BUILT_PRODUCTS_DIR)/MagnetPulseWatch Watch App.app/$(BUNDLE_EXECUTABLE_FOLDER_PATH)/MagnetPulseWatch Watch App";
				WATCHOS_DEPLOYMENT_TARGET = 26.2;
			};
			name = Debug;
		};
		4D8FB4D02F40726C001B72D4 /* Release */ = {
			isa = XCBuildConfiguration;
			buildSettings = {
				BUNDLE_LOADER = "$(TEST_HOST)";
				CODE_SIGN_STYLE = Automatic;
				CURRENT_PROJECT_VERSION = 1;
				DEVELOPMENT_TEAM = JVQ6ES846M;
				GENERATE_INFOPLIST_FILE = YES;
				MARKETING_VERSION = 1.0;
				PRODUCT_BUNDLE_IDENTIFIER = "com.bwillyard.MagnetPulseWatch-Watch-AppTests";
				PRODUCT_NAME = "$(TARGET_NAME)";
				SDKROOT = watchos;
				STRING_CATALOG_GENERATE_SYMBOLS = NO;
				SWIFT_APPROACHABLE_CONCURRENCY = YES;
				SWIFT_EMIT_LOC_STRINGS = NO;
				SWIFT_UPCOMING_FEATURE_MEMBER_IMPORT_VISIBILITY = YES;
				SWIFT_VERSION = 5.0;
				TARGETED_DEVICE_FAMILY = 4;
				TEST_HOST = "$(BUILT_PRODUCTS_DIR)/MagnetPulseWatch Watch App.app/$(BUNDLE_EXECUTABLE_FOLDER_PATH)/MagnetPulseWatch Watch App";
				VALIDATE_PRODUCT = YES;
				WATCHOS_DEPLOYMENT_TARGET = 26.2;
			};
			name = Release;
		};
		4D8FB4D22F40726C001B72D4 /* Debug */ = {
			isa = XCBuildConfiguration;
			buildSettings = {
				CODE_SIGN_STYLE = Automatic;
				CURRENT_PROJECT_VERSION = 1;
				DEVELOPMENT_TEAM = JVQ6ES846M;
				GENERATE_INFOPLIST_FILE = YES;
				MARKETING_VERSION = 1.0;
				PRODUCT_BUNDLE_IDENTIFIER = "com.bwillyard.MagnetPulseWatch-Watch-AppUITests";
				PRODUCT_NAME = "$(TARGET_NAME)";
				SDKROOT = watchos;
				STRING_CATALOG_GENERATE_SYMBOLS = NO;
				SWIFT_APPROACHABLE_CONCURRENCY = YES;
				SWIFT_EMIT_LOC_STRINGS = NO;
				SWIFT_UPCOMING_FEATURE_MEMBER_IMPORT_VISIBILITY = YES;
				SWIFT_VERSION = 5.0;
				TARGETED_DEVICE_FAMILY = 4;
				TEST_TARGET_NAME = "MagnetPulseWatch Watch App";
				WATCHOS_DEPLOYMENT_TARGET = 26.2;
			};
			name = Debug;
		};
		4D8FB4D32F40726C001B72D4 /* Release */ = {
			isa = XCBuildConfiguration;
			buildSettings = {
				CODE_SIGN_STYLE = Automatic;
				CURRENT_PROJECT_VERSION = 1;
				DEVELOPMENT_TEAM = JVQ6ES846M;
				GENERATE_INFOPLIST_FILE = YES;
				MARKETING_VERSION = 1.0;
				PRODUCT_BUNDLE_IDENTIFIER = "com.bwillyard.MagnetPulseWatch-Watch-AppUITests";
				PRODUCT_NAME = "$(TARGET_NAME)";
				SDKROOT = watchos;
				STRING_CATALOG_GENERATE_SYMBOLS = NO;
				SWIFT_APPROACHABLE_CONCURRENCY = YES;
				SWIFT_EMIT_LOC_STRINGS = NO;
				SWIFT_UPCOMING_FEATURE_MEMBER_IMPORT_VISIBILITY = YES;
				SWIFT_VERSION = 5.0;
				TARGETED_DEVICE_FAMILY = 4;
				TEST_TARGET_NAME = "MagnetPulseWatch Watch App";
				VALIDATE_PRODUCT = YES;
				WATCHOS_DEPLOYMENT_TARGET = 26.2;
			};
			name = Release;
		};
/* End XCBuildConfiguration section */

/* Begin XCConfigurationList section */
		4D8FB49B2F40726B001B72D4 /* Build configuration list for PBXProject "MagnetPulseWatch" */ = {
			isa = XCConfigurationList;
			buildConfigurations = (
				4D8FB4C52F40726C001B72D4 /* Debug */,
				4D8FB4C62F40726C001B72D4 /* Release */,
			);
			defaultConfigurationIsVisible = 0;
			defaultConfigurationName = Release;
		};
		4D8FB4C72F40726C001B72D4 /* Build configuration list for PBXNativeTarget "MagnetPulseWatch Watch App" */ = {
			isa = XCConfigurationList;
			buildConfigurations = (
				4D8FB4C82F40726C001B72D4 /* Debug */,
				4D8FB4C92F40726C001B72D4 /* Release */,
			);
			defaultConfigurationIsVisible = 0;
			defaultConfigurationName = Release;
		};
		4D8FB4CB2F40726C001B72D4 /* Build configuration list for PBXNativeTarget "MagnetPulseWatch" */ = {
			isa = XCConfigurationList;
			buildConfigurations = (
				4D8FB4CC2F40726C001B72D4 /* Debug */,
				4D8FB4CD2F40726C001B72D4 /* Release */,
			);
			defaultConfigurationIsVisible = 0;
			defaultConfigurationName = Release;
		};
		4D8FB4CE2F40726C001B72D4 /* Build configuration list for PBXNativeTarget "MagnetPulseWatch Watch AppTests" */ = {
			isa = XCConfigurationList;
			buildConfigurations = (
				4D8FB4CF2F40726C001B72D4 /* Debug */,
				4D8FB4D02F40726C001B72D4 /* Release */,
			);
			defaultConfigurationIsVisible = 0;
			defaultConfigurationName = Release;
		};
		4D8FB4D12F40726C001B72D4 /* Build configuration list for PBXNativeTarget "MagnetPulseWatch Watch AppUITests" */ = {
			isa = XCConfigurationList;
			buildConfigurations = (
				4D8FB4D22F40726C001B72D4 /* Debug */,
				4D8FB4D32F40726C001B72D4 /* Release */,
			);
			defaultConfigurationIsVisible = 0;
			defaultConfigurationName = Release;
		};
/* End XCConfigurationList section */
	};
	rootObject = 4D8FB4982F40726B001B72D4 /* Project object */;
}
